{
  "version": "4",
  "specifiers": {
    "npm:clsx@^2.1.1": "2.1.1",
    "npm:framer-motion@^11.18.0": "11.18.2",
    "npm:tailwind-merge@^2.6.0": "2.6.0"
  },
  "npm": {
    "clsx@2.1.1": {
      "integrity": "sha512-eYm0QWBtUrBWZWG0d386OGAw16Z995PiOVo2B7bjWSbHedGl5e0ZWaq65kOGgUSNesEIDkB9ISbTg/JK9dhCZA=="
    },
    "framer-motion@11.18.2": {
      "integrity": "sha512-5F5Och7wrvtLVElIpclDT0CBzMVg3dL22B64aZwHtsIY8RB4mXICLrkajK4G9R+ieSAGcgrLeae2SeUTg2pr6w==",
      "dependencies": [
        "motion-dom",
        "motion-utils",
        "tslib"
      ]
    },
    "motion-dom@11.18.1": {
      "integrity": "sha512-g76KvA001z+atjfxczdRtw/RXOM3OMSdd1f4DL77qCTF/+avrRJiawSG4yDibEQ215sr9kpinSlX2pCTJ9zbhw==",
      "dependencies": [
        "motion-utils"
      ]
    },
    "motion-utils@11.18.1": {
      "integrity": "sha512-49Kt+HKjtbJKLtgO/LKj9Ld+6vw9BjH5d9sc40R/kVyH8GLAXgT42M2NnuPcJNuA3s9ZfZBUcwIgpmZWGEE+hA=="
    },
    "tailwind-merge@2.6.0": {
      "integrity": "sha512-P+Vu1qXfzediirmHOC3xKGAYeZtPcV9g76X+xg2FD4tYgR71ewMA35Y3sCz3zhiN/dwefRpJX0yBcgwi1fXNQA=="
    },
    "tslib@2.8.1": {
      "integrity": "sha512-oJFu94HQb+KVduSUQL7wnpmqnfmLsOA/nAh6b6EH0wCEoK0/mPeXU6c3wKDV83MkOuHPRHtSXKKU99IBazS/2w=="
    }
  },
  "workspace": {
    "packageJson": {
      "dependencies": [
        "npm:clsx@^2.1.1",
        "npm:framer-motion@^11.18.0",
        "npm:tailwind-merge@^2.6.0"
      ]
    }
  }
}
